github.com/boltdb/bolt v1.3.0 h1:am1Tz34FiDO8OP+gvSpAeYb6Iy1lME5KHxZoFXbfbLs=
github.com/boltdb/bolt v1.3.0/go.mod h1:clJnj/oiGkjum5o1McbSZDSLxVThjynRyGBgiAx27Ps=
github.com/golang/protobuf v0.0.0-20161117033126-8ee79997227b h1:fE/yi9pibxGEc0gSJuEShcsBXE2d5FW3OudsjE9tKzQ=
github.com/golang/protobuf v0.0.0-20161117033126-8ee79997227b/go.mod h1:6lQm79b+lXiMfvg/cZm0SGofjICqVBUtrP5yJMmIC1U=
github.com/gorilla/websocket v1.4.0 h1:WDFjx/TMzVgy9VdMMQi2K2Emtwi2QcUQsztZ/zLaH/Q=
github.com/gorilla/websocket v1.4.0/go.mod h1:E7qHFY5m1UJ88s3WnNqhKjPHQ0heANvMoAMk2YaljkQ=
github.com/nlopes/slack v0.5.0 h1:NbIae8Kd0NpqaEI3iUrsuS0KbcEDhzhc939jLW5fNm0=
github.com/nlopes/slack v0.5.0/go.mod h1:jVI4BBK3lSktibKahxBF74txcK2vyvkza1z/+rRnVAM=
github.com/pkg/errors v0.8.1 h1:iURUrRGxPUNPdy5/HRSm+Yj6okJ6UtLINN0Q9M4+h3I=
github.com/pkg/errors v0.8.1/go.mod h1:bwawxfHBFNV+L2hUp1rHADufV3IMtnDRdf1r5NINEl0=
golang.org/x/net v0.0.0-20170110034938-60c41d1de8da h1:5sENVFSzUZwVwtS8PadtC7Q9tmj886JSt2pRIwSAVZE=
golang.org/x/net v0.0.0-20170110034938-60c41d1de8da/go.mod h1:mL1N/T3taQHkDXs73rZJwtUhF3w3ftmwwsq0BUmARs4=
golang.org/x/oauth2 v0.0.0-20161219192954-314dd2c0bf3e h1:wi2MbNksVg5LWKnh8JcWVRoTvCU8FCXu4ZvWJQ7bERA=
golang.org/x/oauth2 v0.0.0-20161219192954-314dd2c0bf3e/go.mod h1:N/0e6XlmueqKjAGxoOufVs8QHGRruUQn6yWY3a++T0U=
golang.org/x/sys v0.0.0-20161214190518-d75a52659825 h1:4d9VvrP9mESHxCpAwE1G5e1D8Ybj9v7pX19HkGQV0lk=
golang.org/x/sys v0.0.0-20161214190518-d75a52659825/go.mod h1:STP8DvDyc/dI5b8T5hshtkjS+E42TnysNCUPdjciGhY=
google.golang.org/appengine v0.0.0-20170106210242-8758a3858494 h1:y53YVsr8deYXvhTU5l2naVVDF8ab3CrPQETfIikCWLw=
google.golang.org/appengine v0.0.0-20170106210242-8758a3858494/go.mod h1:EbEs0AVv82hx2wNQdGPgUI5lhzA/G0D9YwlJXL52JkM=
